
Microsoft Visual Studio Solution File, Format Version 12.00
# Visual Studio Version 16
VisualStudioVersion = 16.0.33927.289
MinimumVisualStudioVersion = 10.0.40219.1
Project("{FAE04EC0-301F-11D3-BF4B-00C04F79EFBC}") = "eTickets", "eTickets\eTickets.csproj", "{9C6B9470-5792-4623-A7B4-61EA87FFC34F}"
EndProject
Global
	GlobalSection(SolutionConfigurationPlatforms) = preSolution
		Debug|Any CPU = Debug|Any CPU
		Release|Any CPU = Release|Any CPU
	EndGlobalSection
	GlobalSection(ProjectConfigurationPlatforms) = postSolution
		{9C6B9470-5792-4623-A7B4-61EA87FFC34F}.Debug|Any CPU.ActiveCfg = Debug|Any CPU
		{9C6B9470-5792-4623-A7B4-61EA87FFC34F}.Debug|Any CPU.Build.0 = Debug|Any CPU
		{9C6B9470-5792-4623-A7B4-61EA87FFC34F}.Release|Any CPU.ActiveCfg = Release|Any CPU
		{9C6B9470-5792-4623-A7B4-61EA87FFC34F}.Release|Any CPU.Build.0 = Release|Any CPU
	EndGlobalSection
	GlobalSection(SolutionProperties) = preSolution
		HideSolutionNode = FALSE
	EndGlobalSection
	GlobalSection(ExtensibilityGlobals) = postSolution
		SolutionGuid = {D2A4A363-8A9E-41B6-8945-2D3CD3FA912A}
	EndGlobalSection
EndGlobal
